
Microsoft Visual Studio Solution File, Format Version 12.00
# Visual Studio Version 17
VisualStudioVersion = 17.5.33502.453
MinimumVisualStudioVersion = 10.0.40219.1
Project("{9A19103F-16F7-4668-BE54-9A1E7A4F7556}") = "Blog.Data", "..\Blog.Data\Blog.Data.csproj", "{514C4149-B3BA-4A0A-AF95-042C52511743}"
EndProject
Project("{9A19103F-16F7-4668-BE54-9A1E7A4F7556}") = "Blog.Business", "..\Blog.Bussines\Blog.Business.csproj", "{86012F92-BC25-4984-82EE-A5458CEBBC0E}"
EndProject
Project("{9A19103F-16F7-4668-BE54-9A1E7A4F7556}") = "Blog.api", "Blog.api.csproj", "{3C2DA8C1-36FD-4EED-A89E-F62BB0ACE0DA}"
EndProject
Global
	GlobalSection(SolutionConfigurationPlatforms) = preSolution
		Debug|Any CPU = Debug|Any CPU
		Release|Any CPU = Release|Any CPU
	EndGlobalSection
	GlobalSection(ProjectConfigurationPlatforms) = postSolution
		{514C4149-B3BA-4A0A-AF95-042C52511743}.Debug|Any CPU.ActiveCfg = Debug|Any CPU
		{514C4149-B3BA-4A0A-AF95-042C52511743}.Debug|Any CPU.Build.0 = Debug|Any CPU
		{514C4149-B3BA-4A0A-AF95-042C52511743}.Release|Any CPU.ActiveCfg = Release|Any CPU
		{514C4149-B3BA-4A0A-AF95-042C52511743}.Release|Any CPU.Build.0 = Release|Any CPU
		{86012F92-BC25-4984-82EE-A5458CEBBC0E}.Debug|Any CPU.ActiveCfg = Debug|Any CPU
		{86012F92-BC25-4984-82EE-A5458CEBBC0E}.Debug|Any CPU.Build.0 = Debug|Any CPU
		{86012F92-BC25-4984-82EE-A5458CEBBC0E}.Release|Any CPU.ActiveCfg = Release|Any CPU
		{86012F92-BC25-4984-82EE-A5458CEBBC0E}.Release|Any CPU.Build.0 = Release|Any CPU
		{3C2DA8C1-36FD-4EED-A89E-F62BB0ACE0DA}.Debug|Any CPU.ActiveCfg = Debug|Any CPU
		{3C2DA8C1-36FD-4EED-A89E-F62BB0ACE0DA}.Debug|Any CPU.Build.0 = Debug|Any CPU
		{3C2DA8C1-36FD-4EED-A89E-F62BB0ACE0DA}.Release|Any CPU.ActiveCfg = Release|Any CPU
		{3C2DA8C1-36FD-4EED-A89E-F62BB0ACE0DA}.Release|Any CPU.Build.0 = Release|Any CPU
	EndGlobalSection
	GlobalSection(SolutionProperties) = preSolution
		HideSolutionNode = FALSE
	EndGlobalSection
	GlobalSection(ExtensibilityGlobals) = postSolution
		SolutionGuid = {BDB1CEE7-325F-4CDB-8276-2A7738808754}
	EndGlobalSection
EndGlobal
